
Microsoft Visual Studio Solution File, Format Version 12.00
# Visual Studio Version 17
VisualStudioVersion = 17.3.32901.215
MinimumVisualStudioVersion = 10.0.40219.1
Project("{FAE04EC0-301F-11D3-BF4B-00C04F79EFBC}") = "PR2", "PR2.csproj", "{545B1116-C699-415C-9FBA-AB8B752944FE}"
EndProject
Global
	GlobalSection(SolutionConfigurationPlatforms) = preSolution
		Debug|Any CPU = Debug|Any CPU
		Release|Any CPU = Release|Any CPU
	EndGlobalSection
	GlobalSection(ProjectConfigurationPlatforms) = postSolution
		{545B1116-C699-415C-9FBA-AB8B752944FE}.Debug|Any CPU.ActiveCfg = Debug|Any CPU
		{545B1116-C699-415C-9FBA-AB8B752944FE}.Debug|Any CPU.Build.0 = Debug|Any CPU
		{545B1116-C699-415C-9FBA-AB8B752944FE}.Release|Any CPU.ActiveCfg = Release|Any CPU
		{545B1116-C699-415C-9FBA-AB8B752944FE}.Release|Any CPU.Build.0 = Release|Any CPU
	EndGlobalSection
	GlobalSection(SolutionProperties) = preSolution
		HideSolutionNode = FALSE
	EndGlobalSection
	GlobalSection(ExtensibilityGlobals) = postSolution
		SolutionGuid = {013B429F-988F-4FCD-A2C8-20B973FE28E9}
	EndGlobalSection
EndGlobal
